
Microsoft Visual Studio Solution File, Format Version 12.00
# Visual Studio Version 17
VisualStudioVersion = 17.5.33516.290
MinimumVisualStudioVersion = 10.0.40219.1
Project("{FAE04EC0-301F-11D3-BF4B-00C04F79EFBC}") = "BlackJack", "BlackJack\BlackJack.csproj", "{AEA6E9CB-6520-4189-AB49-2D073F3143C0}"
EndProject
Global
	GlobalSection(SolutionConfigurationPlatforms) = preSolution
		Debug|Any CPU = Debug|Any CPU
		Release|Any CPU = Release|Any CPU
	EndGlobalSection
	GlobalSection(ProjectConfigurationPlatforms) = postSolution
		{AEA6E9CB-6520-4189-AB49-2D073F3143C0}.Debug|Any CPU.ActiveCfg = Debug|Any CPU
		{AEA6E9CB-6520-4189-AB49-2D073F3143C0}.Debug|Any CPU.Build.0 = Debug|Any CPU
		{AEA6E9CB-6520-4189-AB49-2D073F3143C0}.Release|Any CPU.ActiveCfg = Release|Any CPU
		{AEA6E9CB-6520-4189-AB49-2D073F3143C0}.Release|Any CPU.Build.0 = Release|Any CPU
	EndGlobalSection
	GlobalSection(SolutionProperties) = preSolution
		HideSolutionNode = FALSE
	EndGlobalSection
	GlobalSection(ExtensibilityGlobals) = postSolution
		SolutionGuid = {DC99FB0C-22E4-41F1-ADC5-3E47A9E8807D}
	EndGlobalSection
EndGlobal
